
Microsoft Visual Studio Solution File, Format Version 12.00
# Visual Studio Version 17
VisualStudioVersion = 17.3.32922.545
MinimumVisualStudioVersion = 10.0.40219.1
Project("{FAE04EC0-301F-11D3-BF4B-00C04F79EFBC}") = "MazeSolver", "MazeSolver\MazeSolver.csproj", "{D78F0FE9-ADBE-4805-96FC-23FEA38DF385}"
EndProject
Project("{FAE04EC0-301F-11D3-BF4B-00C04F79EFBC}") = "MazeSolverTests", "MazeSolverTests\MazeSolverTests.csproj", "{D4135FA7-097C-4F07-AC4C-BEED3474B627}"
EndProject
Global
	GlobalSection(SolutionConfigurationPlatforms) = preSolution
		Debug|Any CPU = Debug|Any CPU
		Release|Any CPU = Release|Any CPU
	EndGlobalSection
	GlobalSection(ProjectConfigurationPlatforms) = postSolution
		{D78F0FE9-ADBE-4805-96FC-23FEA38DF385}.Debug|Any CPU.ActiveCfg = Debug|Any CPU
		{D78F0FE9-ADBE-4805-96FC-23FEA38DF385}.Debug|Any CPU.Build.0 = Debug|Any CPU
		{D78F0FE9-ADBE-4805-96FC-23FEA38DF385}.Release|Any CPU.ActiveCfg = Release|Any CPU
		{D78F0FE9-ADBE-4805-96FC-23FEA38DF385}.Release|Any CPU.Build.0 = Release|Any CPU
		{D4135FA7-097C-4F07-AC4C-BEED3474B627}.Debug|Any CPU.ActiveCfg = Debug|Any CPU
		{D4135FA7-097C-4F07-AC4C-BEED3474B627}.Debug|Any CPU.Build.0 = Debug|Any CPU
		{D4135FA7-097C-4F07-AC4C-BEED3474B627}.Release|Any CPU.ActiveCfg = Release|Any CPU
		{D4135FA7-097C-4F07-AC4C-BEED3474B627}.Release|Any CPU.Build.0 = Release|Any CPU
	EndGlobalSection
	GlobalSection(SolutionProperties) = preSolution
		HideSolutionNode = FALSE
	EndGlobalSection
	GlobalSection(ExtensibilityGlobals) = postSolution
		SolutionGuid = {23BCA63A-4BC7-4E9C-ABCF-EF017CB0988C}
	EndGlobalSection
EndGlobal
